
Microsoft Visual Studio Solution File, Format Version 12.00
# Visual Studio Version 17
VisualStudioVersion = 17.8.34316.72
MinimumVisualStudioVersion = 10.0.40219.1
Project("{FAE04EC0-301F-11D3-BF4B-00C04F79EFBC}") = "WPFTestApp", "WPFTestApp.csproj", "{76BE923E-D255-46B5-9FF4-C8CB4382E49E}"
EndProject
Global
	GlobalSection(SolutionConfigurationPlatforms) = preSolution
		Debug|Any CPU = Debug|Any CPU
		Release|Any CPU = Release|Any CPU
	EndGlobalSection
	GlobalSection(ProjectConfigurationPlatforms) = postSolution
		{76BE923E-D255-46B5-9FF4-C8CB4382E49E}.Debug|Any CPU.ActiveCfg = Debug|Any CPU
		{76BE923E-D255-46B5-9FF4-C8CB4382E49E}.Debug|Any CPU.Build.0 = Debug|Any CPU
		{76BE923E-D255-46B5-9FF4-C8CB4382E49E}.Release|Any CPU.ActiveCfg = Release|Any CPU
		{76BE923E-D255-46B5-9FF4-C8CB4382E49E}.Release|Any CPU.Build.0 = Release|Any CPU
	EndGlobalSection
	GlobalSection(SolutionProperties) = preSolution
		HideSolutionNode = FALSE
	EndGlobalSection
	GlobalSection(ExtensibilityGlobals) = postSolution
		SolutionGuid = {79ABDA8C-8990-46FB-803A-5EA53A074376}
	EndGlobalSection
EndGlobal
