
Microsoft Visual Studio Solution File, Format Version 12.00
# Visual Studio Version 17
VisualStudioVersion = 17.9.34723.18
MinimumVisualStudioVersion = 10.0.40219.1
Project("{FAE04EC0-301F-11D3-BF4B-00C04F79EFBC}") = "GameMenu", "GameMenu\GameMenu.csproj", "{781A5BA4-D1CD-441C-9C3C-8CD5A7530C80}"
EndProject
Global
	GlobalSection(SolutionConfigurationPlatforms) = preSolution
		Debug|Any CPU = Debug|Any CPU
		Release|Any CPU = Release|Any CPU
	EndGlobalSection
	GlobalSection(ProjectConfigurationPlatforms) = postSolution
		{781A5BA4-D1CD-441C-9C3C-8CD5A7530C80}.Debug|Any CPU.ActiveCfg = Debug|Any CPU
		{781A5BA4-D1CD-441C-9C3C-8CD5A7530C80}.Debug|Any CPU.Build.0 = Debug|Any CPU
		{781A5BA4-D1CD-441C-9C3C-8CD5A7530C80}.Release|Any CPU.ActiveCfg = Release|Any CPU
		{781A5BA4-D1CD-441C-9C3C-8CD5A7530C80}.Release|Any CPU.Build.0 = Release|Any CPU
	EndGlobalSection
	GlobalSection(SolutionProperties) = preSolution
		HideSolutionNode = FALSE
	EndGlobalSection
	GlobalSection(ExtensibilityGlobals) = postSolution
		SolutionGuid = {A5729667-F770-49B4-B3EB-E3920DA073E7}
	EndGlobalSection
EndGlobal
